// !$*UTF8*$!
{
archiveVersion = 1;
classes = {};
objectVersion = 56;
objects = {
DBA62068B1DE77968428DAD5 = { isa = PBXFileReference; lastKnownFileType = sourcecode.swift; path = "KhajistanTV/App/AppModel.swift"; sourceTree = SOURCE_ROOT; };
CEDA3F9694A38A077EF6E699 = { isa = PBXBuildFile; fileRef = DBA62068B1DE77968428DAD5; };
F493377ABF3F631E73439B5E = { isa = PBXFileReference; lastKnownFileType = sourcecode.swift; path = "KhajistanTV/App/KhajistanTVApp.swift"; sourceTree = SOURCE_ROOT; };
A04968CEDC39663C9D34CA33 = { isa = PBXBuildFile; fileRef = F493377ABF3F631E73439B5E; };
E09893F66F827E6BB253036C = { isa = PBXFileReference; lastKnownFileType = sourcecode.swift; path = "KhajistanTV/Core/Auth.swift"; sourceTree = SOURCE_ROOT; };
658FC3F4990AC468B25AD6FB = { isa = PBXBuildFile; fileRef = E09893F66F827E6BB253036C; };
B30FFD0EB5133042F902AD3F = { isa = PBXFileReference; lastKnownFileType = sourcecode.swift; path = "KhajistanTV/Core/Beat.swift"; sourceTree = SOURCE_ROOT; };
3C15A8AE5B89D68D3A2530CE = { isa = PBXBuildFile; fileRef = B30FFD0EB5133042F902AD3F; };
B9D75FC4EF8BFAE050ED7722 = { isa = PBXFileReference; lastKnownFileType = sourcecode.swift; path = "KhajistanTV/Core/Captions.swift"; sourceTree = SOURCE_ROOT; };
BCCC824481DEAFB2832E2BCF = { isa = PBXBuildFile; fileRef = B9D75FC4EF8BFAE050ED7722; };
E43E53E77DFBF9D89D699F6E = { isa = PBXFileReference; lastKnownFileType = sourcecode.swift; path = "KhajistanTV/Core/Config.swift"; sourceTree = SOURCE_ROOT; };
EC90BE7D7A6361D8477C22E7 = { isa = PBXBuildFile; fileRef = E43E53E77DFBF9D89D699F6E; };
999D56E597BCE79C9A235A7C = { isa = PBXFileReference; lastKnownFileType = sourcecode.swift; path = "KhajistanTV/Core/Dancer.swift"; sourceTree = SOURCE_ROOT; };
C6812929E352AA876DA86A73 = { isa = PBXBuildFile; fileRef = 999D56E597BCE79C9A235A7C; };
F8B64256B4B91333D8D29A5B = { isa = PBXFileReference; lastKnownFileType = sourcecode.swift; path = "KhajistanTV/Core/DeepLink.swift"; sourceTree = SOURCE_ROOT; };
9030E399936B84A9FF316639 = { isa = PBXBuildFile; fileRef = F8B64256B4B91333D8D29A5B; };
229C7518114E92F9F01420A0 = { isa = PBXFileReference; lastKnownFileType = sourcecode.swift; path = "KhajistanTV/Core/Films.swift"; sourceTree = SOURCE_ROOT; };
012205B51C9703C2F2225209 = { isa = PBXBuildFile; fileRef = 229C7518114E92F9F01420A0; };
AD9990F1E6E475433BE934BC = { isa = PBXFileReference; lastKnownFileType = sourcecode.swift; path = "KhajistanTV/Core/Mixes.swift"; sourceTree = SOURCE_ROOT; };
2A91331A4C4C97D93A3C68EA = { isa = PBXBuildFile; fileRef = AD9990F1E6E475433BE934BC; };
517120CDF8B971AA3A7C7687 = { isa = PBXFileReference; lastKnownFileType = sourcecode.swift; path = "KhajistanTV/Core/PicsVids.swift"; sourceTree = SOURCE_ROOT; };
B26A4E5D4DC0062CC18A1D9C = { isa = PBXBuildFile; fileRef = 517120CDF8B971AA3A7C7687; };
BB8FFDD99CCEC25D9A7BD807 = { isa = PBXFileReference; lastKnownFileType = sourcecode.swift; path = "KhajistanTV/Core/Programming.swift"; sourceTree = SOURCE_ROOT; };
F5E873854560FB9DF8A01CB1 = { isa = PBXBuildFile; fileRef = BB8FFDD99CCEC25D9A7BD807; };
2A89DEE1D67E792DEA52AB6A = { isa = PBXFileReference; lastKnownFileType = sourcecode.swift; path = "KhajistanTV/Core/Receiver.swift"; sourceTree = SOURCE_ROOT; };
BF17863D7FAE1B7023EBB357 = { isa = PBXBuildFile; fileRef = 2A89DEE1D67E792DEA52AB6A; };
1AADD074DCEAE972D6E67D95 = { isa = PBXFileReference; lastKnownFileType = sourcecode.swift; path = "KhajistanTV/Core/RegionMap.swift"; sourceTree = SOURCE_ROOT; };
EB058F4AE035C390E0844D18 = { isa = PBXBuildFile; fileRef = 1AADD074DCEAE972D6E67D95; };
A9AE1269B249D3008E5CCA0E = { isa = PBXFileReference; lastKnownFileType = sourcecode.swift; path = "KhajistanTV/Core/Shuffle.swift"; sourceTree = SOURCE_ROOT; };
5D1C9329A286188607CBA32D = { isa = PBXBuildFile; fileRef = A9AE1269B249D3008E5CCA0E; };
5355912967D504F16929E752 = { isa = PBXFileReference; lastKnownFileType = sourcecode.swift; path = "KhajistanTV/Core/Sky.swift"; sourceTree = SOURCE_ROOT; };
6BDEC2BD08A30687015A1893 = { isa = PBXBuildFile; fileRef = 5355912967D504F16929E752; };
FAEF5618E2059675BB0F84AC = { isa = PBXFileReference; lastKnownFileType = sourcecode.swift; path = "KhajistanTV/Core/StationClock.swift"; sourceTree = SOURCE_ROOT; };
E1162B85E915663E86035B4F = { isa = PBXBuildFile; fileRef = FAEF5618E2059675BB0F84AC; };
6F4DC58D17146BBAE85DD1F4 = { isa = PBXFileReference; lastKnownFileType = sourcecode.swift; path = "KhajistanTV/Core/Transmission.swift"; sourceTree = SOURCE_ROOT; };
23DCE7ABA0D9BEF86FB24951 = { isa = PBXBuildFile; fileRef = 6F4DC58D17146BBAE85DD1F4; };
268BA2E68EAF28A8CCE6B7FF = { isa = PBXFileReference; lastKnownFileType = sourcecode.swift; path = "KhajistanTV/Player/LiveRadio.swift"; sourceTree = SOURCE_ROOT; };
A8ED7B202CCCCB4771239EEE = { isa = PBXBuildFile; fileRef = 268BA2E68EAF28A8CCE6B7FF; };
BA2A1A4DF3C23410CE5BDCFB = { isa = PBXFileReference; lastKnownFileType = sourcecode.swift; path = "KhajistanTV/Player/PlayerController.swift"; sourceTree = SOURCE_ROOT; };
EF35DF9511569B8E0C9CBA65 = { isa = PBXBuildFile; fileRef = BA2A1A4DF3C23410CE5BDCFB; };
74A8ADE8D5FFCED46296DD17 = { isa = PBXFileReference; lastKnownFileType = sourcecode.swift; path = "KhajistanTV/Player/PlayerLayerView.swift"; sourceTree = SOURCE_ROOT; };
94015CC15B2B5B1728BD00AF = { isa = PBXBuildFile; fileRef = 74A8ADE8D5FFCED46296DD17; };
1A3E736729F70FD173A6AF27 = { isa = PBXFileReference; lastKnownFileType = sourcecode.swift; path = "KhajistanTV/Player/RecordedSubtitles.swift"; sourceTree = SOURCE_ROOT; };
E5E881A4C0A7E3EE74803250 = { isa = PBXBuildFile; fileRef = 1A3E736729F70FD173A6AF27; };
78C607686EBF7A7BCA9DAD3D = { isa = PBXFileReference; lastKnownFileType = sourcecode.swift; path = "KhajistanTV/Player/SignalTap.swift"; sourceTree = SOURCE_ROOT; };
7285E745E2F4447ED867BD3C = { isa = PBXBuildFile; fileRef = 78C607686EBF7A7BCA9DAD3D; };
BBDB5D6F86E92116CE4CD489 = { isa = PBXFileReference; lastKnownFileType = sourcecode.swift; path = "KhajistanTV/Player/StationClips.swift"; sourceTree = SOURCE_ROOT; };
FC7781E2BA10D85DD543EAC7 = { isa = PBXBuildFile; fileRef = BBDB5D6F86E92116CE4CD489; };
2A78F00AE6482FB5222F666C = { isa = PBXFileReference; lastKnownFileType = sourcecode.swift; path = "KhajistanTV/Services/AuthStore.swift"; sourceTree = SOURCE_ROOT; };
C01B49972D272F01F57D473D = { isa = PBXBuildFile; fileRef = 2A78F00AE6482FB5222F666C; };
822B2ACB8CAD69463D56E8B6 = { isa = PBXFileReference; lastKnownFileType = sourcecode.swift; path = "KhajistanTV/Services/FilmStore.swift"; sourceTree = SOURCE_ROOT; };
2138F6B3E10BBEF02D2E895A = { isa = PBXBuildFile; fileRef = 822B2ACB8CAD69463D56E8B6; };
EF1FB97DA07FB20A7D88B2C1 = { isa = PBXFileReference; lastKnownFileType = sourcecode.swift; path = "KhajistanTV/Services/Keychain.swift"; sourceTree = SOURCE_ROOT; };
DE7C0A1C2EA14777B0CDBE0A = { isa = PBXBuildFile; fileRef = EF1FB97DA07FB20A7D88B2C1; };
603EB9B2EF394943CFDAAFF6 = { isa = PBXFileReference; lastKnownFileType = sourcecode.swift; path = "KhajistanTV/Services/LiveCaptionSession.swift"; sourceTree = SOURCE_ROOT; };
AFA1571A97B61B30517CEFD5 = { isa = PBXBuildFile; fileRef = 603EB9B2EF394943CFDAAFF6; };
A7CB039815BB79A774ED77FB = { isa = PBXFileReference; lastKnownFileType = sourcecode.swift; path = "KhajistanTV/Services/MixesStore.swift"; sourceTree = SOURCE_ROOT; };
1B552DDDE58BD0C146686A04 = { isa = PBXBuildFile; fileRef = A7CB039815BB79A774ED77FB; };
0C86AC751525EEDAECAF39BD = { isa = PBXFileReference; lastKnownFileType = sourcecode.swift; path = "KhajistanTV/Services/PicsVidsStore.swift"; sourceTree = SOURCE_ROOT; };
F5D2CB180257C244740406DB = { isa = PBXBuildFile; fileRef = 0C86AC751525EEDAECAF39BD; };
EC7E6E112AB6FD84B110D714 = { isa = PBXFileReference; lastKnownFileType = sourcecode.swift; path = "KhajistanTV/Services/PnvImages.swift"; sourceTree = SOURCE_ROOT; };
8794D4A977192BF4BA72EF53 = { isa = PBXBuildFile; fileRef = EC7E6E112AB6FD84B110D714; };
C93B82252C175800CB445A70 = { isa = PBXFileReference; lastKnownFileType = sourcecode.swift; path = "KhajistanTV/Services/ReceiverStore.swift"; sourceTree = SOURCE_ROOT; };
A562E06B92179BBC2EFEBFC7 = { isa = PBXBuildFile; fileRef = C93B82252C175800CB445A70; };
61491FCE64741AC6F5F40111 = { isa = PBXFileReference; lastKnownFileType = sourcecode.swift; path = "KhajistanTV/Services/TransmissionStore.swift"; sourceTree = SOURCE_ROOT; };
4BCF6F379900C9AE6C7198D5 = { isa = PBXBuildFile; fileRef = 61491FCE64741AC6F5F40111; };
340692D1400B121CBBA74064 = { isa = PBXFileReference; lastKnownFileType = sourcecode.swift; path = "KhajistanTV/Views/AccountView.swift"; sourceTree = SOURCE_ROOT; };
50FC21DF9C7ED2DF1B74EB9B = { isa = PBXBuildFile; fileRef = 340692D1400B121CBBA74064; };
48E0BE5A9ED1E38EDA7E9CD4 = { isa = PBXFileReference; lastKnownFileType = sourcecode.swift; path = "KhajistanTV/Views/CaptionView.swift"; sourceTree = SOURCE_ROOT; };
3C47A97A1D280852BC8D923B = { isa = PBXBuildFile; fileRef = 48E0BE5A9ED1E38EDA7E9CD4; };
73AAACAD696B9F6ADD7148A8 = { isa = PBXFileReference; lastKnownFileType = sourcecode.swift; path = "KhajistanTV/Views/ChannelsView.swift"; sourceTree = SOURCE_ROOT; };
CBED2BDE419789D535C5789C = { isa = PBXBuildFile; fileRef = 73AAACAD696B9F6ADD7148A8; };
CC6350CBE81C27E9FB8DB630 = { isa = PBXFileReference; lastKnownFileType = sourcecode.swift; path = "KhajistanTV/Views/DancerFigure.swift"; sourceTree = SOURCE_ROOT; };
7783CC52960241F79F2BF244 = { isa = PBXBuildFile; fileRef = CC6350CBE81C27E9FB8DB630; };
266D6C08CF2695D0DE4F6169 = { isa = PBXFileReference; lastKnownFileType = sourcecode.swift; path = "KhajistanTV/Views/DancerView.swift"; sourceTree = SOURCE_ROOT; };
B67AF2BC45ED6C7673422C2B = { isa = PBXBuildFile; fileRef = 266D6C08CF2695D0DE4F6169; };
195DC7BAA2C39C8DB18425E7 = { isa = PBXFileReference; lastKnownFileType = sourcecode.swift; path = "KhajistanTV/Views/FilmPlayerView.swift"; sourceTree = SOURCE_ROOT; };
B918C4952CEB8A9D97453E93 = { isa = PBXBuildFile; fileRef = 195DC7BAA2C39C8DB18425E7; };
8C01268A40F59632D9B4312B = { isa = PBXFileReference; lastKnownFileType = sourcecode.swift; path = "KhajistanTV/Views/FilmsView.swift"; sourceTree = SOURCE_ROOT; };
EB521693F01AC5A083F7BCC7 = { isa = PBXBuildFile; fileRef = 8C01268A40F59632D9B4312B; };
6A4CF5A9BAB9B3226BCC7345 = { isa = PBXFileReference; lastKnownFileType = sourcecode.swift; path = "KhajistanTV/Views/MixPlayerView.swift"; sourceTree = SOURCE_ROOT; };
6F30F3830B5ADBA51576B143 = { isa = PBXBuildFile; fileRef = 6A4CF5A9BAB9B3226BCC7345; };
8E9A0635031AD7814A7505B1 = { isa = PBXFileReference; lastKnownFileType = sourcecode.swift; path = "KhajistanTV/Views/MixesView.swift"; sourceTree = SOURCE_ROOT; };
64972899149B3966B22EB2D9 = { isa = PBXBuildFile; fileRef = 8E9A0635031AD7814A7505B1; };
8B653DCEB7AFD1457441C873 = { isa = PBXFileReference; lastKnownFileType = sourcecode.swift; path = "KhajistanTV/Views/PicsVidsView.swift"; sourceTree = SOURCE_ROOT; };
00A1F07E72DFCCECC99B22FF = { isa = PBXBuildFile; fileRef = 8B653DCEB7AFD1457441C873; };
65A3CEE72B2EDC7312AF5281 = { isa = PBXFileReference; lastKnownFileType = sourcecode.swift; path = "KhajistanTV/Views/PnvViewerView.swift"; sourceTree = SOURCE_ROOT; };
B38DA612C9399511ECE229F7 = { isa = PBXBuildFile; fileRef = 65A3CEE72B2EDC7312AF5281; };
02152D993B019BC6BBC8380F = { isa = PBXFileReference; lastKnownFileType = sourcecode.swift; path = "KhajistanTV/Views/ReceiverPlayerView.swift"; sourceTree = SOURCE_ROOT; };
A4FEE2B32E93E4C9089B2C4B = { isa = PBXBuildFile; fileRef = 02152D993B019BC6BBC8380F; };
3ED18F05AC144F608D056117 = { isa = PBXFileReference; lastKnownFileType = sourcecode.swift; path = "KhajistanTV/Views/ReceiverView.swift"; sourceTree = SOURCE_ROOT; };
8A34DEEF9C568F0C0AE670DB = { isa = PBXBuildFile; fileRef = 3ED18F05AC144F608D056117; };
A8F5AFF529A15C5A3B699F85 = { isa = PBXFileReference; lastKnownFileType = sourcecode.swift; path = "KhajistanTV/Views/RegionMapView.swift"; sourceTree = SOURCE_ROOT; };
583B4DCD8C398AF389754DC9 = { isa = PBXBuildFile; fileRef = A8F5AFF529A15C5A3B699F85; };
65D57FF1E24262C829056C31 = { isa = PBXFileReference; lastKnownFileType = sourcecode.swift; path = "KhajistanTV/Views/RootView.swift"; sourceTree = SOURCE_ROOT; };
944B4EFF59758D132BB79EF0 = { isa = PBXBuildFile; fileRef = 65D57FF1E24262C829056C31; };
714B664B5319D3E81BA1EA7D = { isa = PBXFileReference; lastKnownFileType = sourcecode.swift; path = "KhajistanTV/Views/SignInView.swift"; sourceTree = SOURCE_ROOT; };
939443E3FECE620C9A004538 = { isa = PBXBuildFile; fileRef = 714B664B5319D3E81BA1EA7D; };
84949AE5088A367331D23F3D = { isa = PBXFileReference; lastKnownFileType = sourcecode.swift; path = "KhajistanTV/Views/SoundCheckView.swift"; sourceTree = SOURCE_ROOT; };
F15D1AFEA372EC10364433B0 = { isa = PBXBuildFile; fileRef = 84949AE5088A367331D23F3D; };
447C6D4828D4A70C7317B3A6 = { isa = PBXFileReference; lastKnownFileType = sourcecode.swift; path = "KhajistanTV/Views/Theme.swift"; sourceTree = SOURCE_ROOT; };
90C0ADBDB417C9E0C5C58FC4 = { isa = PBXBuildFile; fileRef = 447C6D4828D4A70C7317B3A6; };
48EC74D0D9B6950352138812 = { isa = PBXFileReference; lastKnownFileType = sourcecode.swift; path = "KhajistanTV/Views/TransmissionPlayerView.swift"; sourceTree = SOURCE_ROOT; };
309BA711D6D6DBC0FA7D10FF = { isa = PBXBuildFile; fileRef = 48EC74D0D9B6950352138812; };
EC709004B18EED50705B3A3E = { isa = PBXFileReference; lastKnownFileType = sourcecode.swift; path = "KhajistanTV/Views/TransmissionView.swift"; sourceTree = SOURCE_ROOT; };
48ACAABF706B913402CB1849 = { isa = PBXBuildFile; fileRef = EC709004B18EED50705B3A3E; };
C3C7190ACAED7301F154F168 = { isa = PBXFileReference; lastKnownFileType = sourcecode.swift; path = "KhajistanTV/Views/UpNext.swift"; sourceTree = SOURCE_ROOT; };
2A2D0697F5F05C71AFA79089 = { isa = PBXBuildFile; fileRef = C3C7190ACAED7301F154F168; };
8257DA6F76EA5A62F2A83986 = { isa = PBXFileReference; lastKnownFileType = sourcecode.swift; path = "UITests/BackToAtlasUITests.swift"; sourceTree = SOURCE_ROOT; };
D82241168A5B3D6138863528 = { isa = PBXBuildFile; fileRef = 8257DA6F76EA5A62F2A83986; };
E78B08576A95CC9DBB0BFA85 = { isa = PBXFileReference; lastKnownFileType = sourcecode.swift; path = "UITests/ChannelChangeUITests.swift"; sourceTree = SOURCE_ROOT; };
283E33CD1A02353EBCF0E77D = { isa = PBXBuildFile; fileRef = E78B08576A95CC9DBB0BFA85; };
AE49CB935E53DF6073C596C1 = { isa = PBXFileReference; lastKnownFileType = sourcecode.swift; path = "UITests/DancerUITests.swift"; sourceTree = SOURCE_ROOT; };
5B0D70BFFBDA29DE275DF62A = { isa = PBXBuildFile; fileRef = AE49CB935E53DF6073C596C1; };
5FFE8D34F659C1DE68DF3028 = { isa = PBXFileReference; lastKnownFileType = sourcecode.swift; path = "UITests/DeepLinkUITests.swift"; sourceTree = SOURCE_ROOT; };
0938BCF7BE50C9B404E2933F = { isa = PBXBuildFile; fileRef = 5FFE8D34F659C1DE68DF3028; };
0738B42CD533EAD7A53E630F = { isa = PBXFileReference; lastKnownFileType = sourcecode.swift; path = "UITests/FilmsUITests.swift"; sourceTree = SOURCE_ROOT; };
46250815E7A8BE0710DA791D = { isa = PBXBuildFile; fileRef = 0738B42CD533EAD7A53E630F; };
3FD41A3E686BED849C830AC6 = { isa = PBXFileReference; lastKnownFileType = sourcecode.swift; path = "UITests/KhajistanTVUITests.swift"; sourceTree = SOURCE_ROOT; };
A2B158AC55B6AD6AEF7DFB02 = { isa = PBXBuildFile; fileRef = 3FD41A3E686BED849C830AC6; };
F294966B07C0790CB3077C25 = { isa = PBXFileReference; lastKnownFileType = sourcecode.swift; path = "UITests/MapNavigationUITests.swift"; sourceTree = SOURCE_ROOT; };
1ED23CD3DE7D927A963C7880 = { isa = PBXBuildFile; fileRef = F294966B07C0790CB3077C25; };
EA5D438998800E90F211B0D5 = { isa = PBXFileReference; lastKnownFileType = sourcecode.swift; path = "UITests/MixesUITests.swift"; sourceTree = SOURCE_ROOT; };
CF381A901D020AE940BAE925 = { isa = PBXBuildFile; fileRef = EA5D438998800E90F211B0D5; };
516D6C89ED9384DAD29E2A49 = { isa = PBXFileReference; lastKnownFileType = sourcecode.swift; path = "UITests/PicsVidsUITests.swift"; sourceTree = SOURCE_ROOT; };
7B06B6166A3EA9886FE61445 = { isa = PBXBuildFile; fileRef = 516D6C89ED9384DAD29E2A49; };
160EFDABDF48B6399514A761 = { isa = PBXFileReference; lastKnownFileType = sourcecode.swift; path = "UITests/RemoteHelpers.swift"; sourceTree = SOURCE_ROOT; };
4B255578D43633F0F1E11554 = { isa = PBXBuildFile; fileRef = 160EFDABDF48B6399514A761; };
A286395107A421A730C272DD = { isa = PBXFileReference; lastKnownFileType = sourcecode.swift; path = "UITests/SkinWalkUITests.swift"; sourceTree = SOURCE_ROOT; };
16587D13BE8A9D2FF1236DDA = { isa = PBXBuildFile; fileRef = A286395107A421A730C272DD; };
894DBD4C48D87EB46CD7BA0B = { isa = PBXFileReference; lastKnownFileType = sourcecode.swift; path = "UITests/SubtitlesUITests.swift"; sourceTree = SOURCE_ROOT; };
D81B97656FE676E42E2A9A98 = { isa = PBXBuildFile; fileRef = 894DBD4C48D87EB46CD7BA0B; };
BC863C16E618CCB0BDC0A962 = { isa = PBXFileReference; lastKnownFileType = sourcecode.swift; path = "UITests/TopShelfUITests.swift"; sourceTree = SOURCE_ROOT; };
CD008109D049C7803F60259E = { isa = PBXBuildFile; fileRef = BC863C16E618CCB0BDC0A962; };
223B6E584B47F23363A6A8A1 = { isa = PBXFileReference; lastKnownFileType = sourcecode.swift; path = "TopShelf/ContentProvider.swift"; sourceTree = SOURCE_ROOT; };
7C788CA5EF5800F388C7899B = { isa = PBXBuildFile; fileRef = 223B6E584B47F23363A6A8A1; };
5827DAEBEC37088671D21FC3 = { isa = PBXFileReference; lastKnownFileType = sourcecode.swift; path = "TopShelf/ShelfArt.swift"; sourceTree = SOURCE_ROOT; };
55734BFD5288CF18AA78019F = { isa = PBXBuildFile; fileRef = 5827DAEBEC37088671D21FC3; };
A350868DE0961CB4A9BF4D5D = { isa = PBXFileReference; lastKnownFileType = sourcecode.swift; path = "TopShelf/ShelfCanvas.swift"; sourceTree = SOURCE_ROOT; };
EB5E5D9A1936D3EBF0AD145E = { isa = PBXBuildFile; fileRef = A350868DE0961CB4A9BF4D5D; };
D7677751F86BEC7A9EC515EE = { isa = PBXFileReference; lastKnownFileType = sourcecode.swift; path = "TopShelf/ShelfFeed.swift"; sourceTree = SOURCE_ROOT; };
C4E4F314A3C452BEE185DAE4 = { isa = PBXBuildFile; fileRef = D7677751F86BEC7A9EC515EE; };
E97B4513F13E112F8224FFFC = { isa = PBXBuildFile; fileRef = E09893F66F827E6BB253036C; };
3E10253E6C740BB49EEF3339 = { isa = PBXBuildFile; fileRef = B30FFD0EB5133042F902AD3F; };
8768F490FBF02838D9610179 = { isa = PBXBuildFile; fileRef = B9D75FC4EF8BFAE050ED7722; };
85239F73AE746BD93A17D347 = { isa = PBXBuildFile; fileRef = E43E53E77DFBF9D89D699F6E; };
845B280AD1C3C3DA94ACB327 = { isa = PBXBuildFile; fileRef = 999D56E597BCE79C9A235A7C; };
D77A3A457B43BFE5DD70B96F = { isa = PBXBuildFile; fileRef = F8B64256B4B91333D8D29A5B; };
6A728005834215EFDB19F2CA = { isa = PBXBuildFile; fileRef = 229C7518114E92F9F01420A0; };
95D9E3975FBB8D9F972BFE44 = { isa = PBXBuildFile; fileRef = AD9990F1E6E475433BE934BC; };
40B3CC3D61BF8B631044673B = { isa = PBXBuildFile; fileRef = 517120CDF8B971AA3A7C7687; };
87BBE0A222C9349CE2C45667 = { isa = PBXBuildFile; fileRef = BB8FFDD99CCEC25D9A7BD807; };
9E106D158130417A7D06B9DC = { isa = PBXBuildFile; fileRef = 2A89DEE1D67E792DEA52AB6A; };
5C15A037CEBBD1C309E8D115 = { isa = PBXBuildFile; fileRef = 1AADD074DCEAE972D6E67D95; };
D70A630744319C196A35EDF9 = { isa = PBXBuildFile; fileRef = A9AE1269B249D3008E5CCA0E; };
EF7BD7C4FEABF04998B57735 = { isa = PBXBuildFile; fileRef = 5355912967D504F16929E752; };
559951D58D2A383D7A168C79 = { isa = PBXBuildFile; fileRef = FAEF5618E2059675BB0F84AC; };
B2C321F2B05AE0A8097D41AE = { isa = PBXBuildFile; fileRef = 6F4DC58D17146BBAE85DD1F4; };
9BC05DED2226C7F6554F86F1 = { isa = PBXBuildFile; fileRef = EF1FB97DA07FB20A7D88B2C1; };
585014E38700D26B6FE13F57 = { isa = PBXFileReference; lastKnownFileType = image.png; path = "KhajistanTV/Resources/Assets.xcassets/Pigeon.imageset/pigeon.png"; sourceTree = SOURCE_ROOT; };
1B57A7A2865DB84E5BD5E784 = { isa = PBXFileReference; lastKnownFileType = text.plist.xml; path = "TopShelf/Info.plist"; sourceTree = SOURCE_ROOT; };
065BA095CA21DE6FA2446FA5 = { isa = PBXFileReference; lastKnownFileType = text.plist.entitlements; path = "TopShelf/TopShelf.entitlements"; sourceTree = SOURCE_ROOT; };
DEA349C13532D6687467F0BC = { isa = PBXFileReference; lastKnownFileType = text.plist.entitlements; path = "KhajistanTV/Resources/KhajistanTV.entitlements"; sourceTree = SOURCE_ROOT; };
8BF729FFE074CAEE622C0292 = { isa = PBXFileReference; lastKnownFileType = folder.assetcatalog; path = "KhajistanTV/Resources/Assets.xcassets"; sourceTree = SOURCE_ROOT; };
A4CC6BC01A927E2A78FD3BEC = { isa = PBXFileReference; lastKnownFileType = text.xml; path = "KhajistanTV/Resources/PrivacyInfo.xcprivacy"; sourceTree = SOURCE_ROOT; };
4EFBDB3E08161795D12068E9 = { isa = PBXFileReference; lastKnownFileType = image.gif; path = "KhajistanTV/Resources/Media/pigeon.gif"; sourceTree = SOURCE_ROOT; };
E9E343EDE0D0F87CAB910A9E = { isa = PBXFileReference; lastKnownFileType = file; path = "KhajistanTV/Resources/Media/wing-wipe-in.mp4"; sourceTree = SOURCE_ROOT; };
C0E0B45F71683A71CCD2A1A2 = { isa = PBXFileReference; lastKnownFileType = file; path = "KhajistanTV/Resources/Media/wing-wipe-out.mp4"; sourceTree = SOURCE_ROOT; };
303DA53A5A4859E368A24B70 = { isa = PBXBuildFile; fileRef = 8BF729FFE074CAEE622C0292; };
B4A338AC5F8944677E79122F = { isa = PBXBuildFile; fileRef = A4CC6BC01A927E2A78FD3BEC; };
DBB2307EBF04C536C2372EAC = { isa = PBXBuildFile; fileRef = 4EFBDB3E08161795D12068E9; };
9F92B428EB826C33C5B313EC = { isa = PBXBuildFile; fileRef = E9E343EDE0D0F87CAB910A9E; };
924B1B584953BE3B25C5C100 = { isa = PBXBuildFile; fileRef = C0E0B45F71683A71CCD2A1A2; };
57E22DF2FCF18E685BEEF469 = { isa = PBXFileReference; explicitFileType = wrapper.application; includeInIndex = 0; path = KhajistanTV.app; sourceTree = BUILT_PRODUCTS_DIR; };
26EF753FD0A2DE1E04F52649 = { isa = PBXFileReference; explicitFileType = "wrapper.app-extension"; includeInIndex = 0; path = KhajistanTopShelf.appex; sourceTree = BUILT_PRODUCTS_DIR; };
0CE4EA9B6CCAAB4D89517F24 = { isa = PBXFileReference; explicitFileType = wrapper.cfbundle; includeInIndex = 0; path = KhajistanTVUITests.xctest; sourceTree = BUILT_PRODUCTS_DIR; };
0A3E27B8CA818264D75C8D81 = { isa = PBXGroup; children = (57E22DF2FCF18E685BEEF469, 26EF753FD0A2DE1E04F52649, 0CE4EA9B6CCAAB4D89517F24,); name = Products; sourceTree = "<group>"; };
0D6E4079E36703EBD37C0072 = { isa = PBXGroup; children = (DBA62068B1DE77968428DAD5, F493377ABF3F631E73439B5E, E09893F66F827E6BB253036C, B30FFD0EB5133042F902AD3F, B9D75FC4EF8BFAE050ED7722, E43E53E77DFBF9D89D699F6E, 999D56E597BCE79C9A235A7C, F8B64256B4B91333D8D29A5B, 229C7518114E92F9F01420A0, AD9990F1E6E475433BE934BC, 517120CDF8B971AA3A7C7687, BB8FFDD99CCEC25D9A7BD807, 2A89DEE1D67E792DEA52AB6A, 1AADD074DCEAE972D6E67D95, A9AE1269B249D3008E5CCA0E, 5355912967D504F16929E752, FAEF5618E2059675BB0F84AC, 6F4DC58D17146BBAE85DD1F4, 268BA2E68EAF28A8CCE6B7FF, BA2A1A4DF3C23410CE5BDCFB, 74A8ADE8D5FFCED46296DD17, 1A3E736729F70FD173A6AF27, 78C607686EBF7A7BCA9DAD3D, BBDB5D6F86E92116CE4CD489, 2A78F00AE6482FB5222F666C, 822B2ACB8CAD69463D56E8B6, EF1FB97DA07FB20A7D88B2C1, 603EB9B2EF394943CFDAAFF6, A7CB039815BB79A774ED77FB, 0C86AC751525EEDAECAF39BD, EC7E6E112AB6FD84B110D714, C93B82252C175800CB445A70, 61491FCE64741AC6F5F40111, 340692D1400B121CBBA74064, 48E0BE5A9ED1E38EDA7E9CD4, 73AAACAD696B9F6ADD7148A8, CC6350CBE81C27E9FB8DB630, 266D6C08CF2695D0DE4F6169, 195DC7BAA2C39C8DB18425E7, 8C01268A40F59632D9B4312B, 6A4CF5A9BAB9B3226BCC7345, 8E9A0635031AD7814A7505B1, 8B653DCEB7AFD1457441C873, 65A3CEE72B2EDC7312AF5281, 02152D993B019BC6BBC8380F, 3ED18F05AC144F608D056117, A8F5AFF529A15C5A3B699F85, 65D57FF1E24262C829056C31, 714B664B5319D3E81BA1EA7D, 84949AE5088A367331D23F3D, 447C6D4828D4A70C7317B3A6, 48EC74D0D9B6950352138812, EC709004B18EED50705B3A3E, C3C7190ACAED7301F154F168, 8BF729FFE074CAEE622C0292, A4CC6BC01A927E2A78FD3BEC, 4EFBDB3E08161795D12068E9, E9E343EDE0D0F87CAB910A9E, C0E0B45F71683A71CCD2A1A2, 223B6E584B47F23363A6A8A1, 5827DAEBEC37088671D21FC3, A350868DE0961CB4A9BF4D5D, D7677751F86BEC7A9EC515EE, 585014E38700D26B6FE13F57, 1B57A7A2865DB84E5BD5E784, 065BA095CA21DE6FA2446FA5, DEA349C13532D6687467F0BC, 8257DA6F76EA5A62F2A83986, E78B08576A95CC9DBB0BFA85, AE49CB935E53DF6073C596C1, 5FFE8D34F659C1DE68DF3028, 0738B42CD533EAD7A53E630F, 3FD41A3E686BED849C830AC6, F294966B07C0790CB3077C25, EA5D438998800E90F211B0D5, 516D6C89ED9384DAD29E2A49, 160EFDABDF48B6399514A761, A286395107A421A730C272DD, 894DBD4C48D87EB46CD7BA0B, BC863C16E618CCB0BDC0A962, 0A3E27B8CA818264D75C8D81,); sourceTree = "<group>"; };
A41764E62C9A1BED216276F2 = { isa = PBXBuildFile; fileRef = 26EF753FD0A2DE1E04F52649; settings = { ATTRIBUTES = (RemoveHeadersOnCopy, ); }; };
8A1EED22144C3F04485A69EE = { isa = PBXCopyFilesBuildPhase; buildActionMask = 2147483647; dstPath = ""; dstSubfolderSpec = 13; files = (A41764E62C9A1BED216276F2,); name = "Embed Foundation Extensions"; runOnlyForDeploymentPostprocessing = 0; };
878A52FC5FF6A57D50B7B870 = { isa = PBXSourcesBuildPhase; buildActionMask = 2147483647; files = (CEDA3F9694A38A077EF6E699, A04968CEDC39663C9D34CA33, 658FC3F4990AC468B25AD6FB, 3C15A8AE5B89D68D3A2530CE, BCCC824481DEAFB2832E2BCF, EC90BE7D7A6361D8477C22E7, C6812929E352AA876DA86A73, 9030E399936B84A9FF316639, 012205B51C9703C2F2225209, 2A91331A4C4C97D93A3C68EA, B26A4E5D4DC0062CC18A1D9C, F5E873854560FB9DF8A01CB1, BF17863D7FAE1B7023EBB357, EB058F4AE035C390E0844D18, 5D1C9329A286188607CBA32D, 6BDEC2BD08A30687015A1893, E1162B85E915663E86035B4F, 23DCE7ABA0D9BEF86FB24951, A8ED7B202CCCCB4771239EEE, EF35DF9511569B8E0C9CBA65, 94015CC15B2B5B1728BD00AF, E5E881A4C0A7E3EE74803250, 7285E745E2F4447ED867BD3C, FC7781E2BA10D85DD543EAC7, C01B49972D272F01F57D473D, 2138F6B3E10BBEF02D2E895A, DE7C0A1C2EA14777B0CDBE0A, AFA1571A97B61B30517CEFD5, 1B552DDDE58BD0C146686A04, F5D2CB180257C244740406DB, 8794D4A977192BF4BA72EF53, A562E06B92179BBC2EFEBFC7, 4BCF6F379900C9AE6C7198D5, 50FC21DF9C7ED2DF1B74EB9B, 3C47A97A1D280852BC8D923B, CBED2BDE419789D535C5789C, 7783CC52960241F79F2BF244, B67AF2BC45ED6C7673422C2B, B918C4952CEB8A9D97453E93, EB521693F01AC5A083F7BCC7, 6F30F3830B5ADBA51576B143, 64972899149B3966B22EB2D9, 00A1F07E72DFCCECC99B22FF, B38DA612C9399511ECE229F7, A4FEE2B32E93E4C9089B2C4B, 8A34DEEF9C568F0C0AE670DB, 583B4DCD8C398AF389754DC9, 944B4EFF59758D132BB79EF0, 939443E3FECE620C9A004538, F15D1AFEA372EC10364433B0, 90C0ADBDB417C9E0C5C58FC4, 309BA711D6D6DBC0FA7D10FF, 48ACAABF706B913402CB1849, 2A2D0697F5F05C71AFA79089,); runOnlyForDeploymentPostprocessing = 0; };
E2AA269EB967A8853A258BFA = { isa = PBXFrameworksBuildPhase; buildActionMask = 2147483647; files = (); runOnlyForDeploymentPostprocessing = 0; };
41D311A605520FC7B8B9A980 = { isa = PBXResourcesBuildPhase; buildActionMask = 2147483647; files = (303DA53A5A4859E368A24B70, B4A338AC5F8944677E79122F, DBB2307EBF04C536C2372EAC, 9F92B428EB826C33C5B313EC, 924B1B584953BE3B25C5C100,); runOnlyForDeploymentPostprocessing = 0; };
77B2359C814CD95B4DBBD1BE = { isa = PBXBuildFile; fileRef = 585014E38700D26B6FE13F57; };
7B62E5C82A81A3093AFA4306 = { isa = PBXSourcesBuildPhase; buildActionMask = 2147483647; files = (E97B4513F13E112F8224FFFC, 3E10253E6C740BB49EEF3339, 8768F490FBF02838D9610179, 85239F73AE746BD93A17D347, 845B280AD1C3C3DA94ACB327, D77A3A457B43BFE5DD70B96F, 6A728005834215EFDB19F2CA, 95D9E3975FBB8D9F972BFE44, 40B3CC3D61BF8B631044673B, 87BBE0A222C9349CE2C45667, 9E106D158130417A7D06B9DC, 5C15A037CEBBD1C309E8D115, D70A630744319C196A35EDF9, EF7BD7C4FEABF04998B57735, 559951D58D2A383D7A168C79, B2C321F2B05AE0A8097D41AE, 9BC05DED2226C7F6554F86F1, 7C788CA5EF5800F388C7899B, 55734BFD5288CF18AA78019F, EB5E5D9A1936D3EBF0AD145E, C4E4F314A3C452BEE185DAE4,); runOnlyForDeploymentPostprocessing = 0; };
A30D0FD57B2405AA7F7440B5 = { isa = PBXFrameworksBuildPhase; buildActionMask = 2147483647; files = (); runOnlyForDeploymentPostprocessing = 0; };
B5093E2B5B5B3417A938E158 = { isa = PBXResourcesBuildPhase; buildActionMask = 2147483647; files = (77B2359C814CD95B4DBBD1BE,); runOnlyForDeploymentPostprocessing = 0; };
DEE94446A282611C16F7781C = { isa = PBXSourcesBuildPhase; buildActionMask = 2147483647; files = (D82241168A5B3D6138863528, 283E33CD1A02353EBCF0E77D, 5B0D70BFFBDA29DE275DF62A, 0938BCF7BE50C9B404E2933F, 46250815E7A8BE0710DA791D, A2B158AC55B6AD6AEF7DFB02, 1ED23CD3DE7D927A963C7880, CF381A901D020AE940BAE925, 7B06B6166A3EA9886FE61445, 4B255578D43633F0F1E11554, 16587D13BE8A9D2FF1236DDA, D81B97656FE676E42E2A9A98, CD008109D049C7803F60259E,); runOnlyForDeploymentPostprocessing = 0; };
B10CDED79664567B030B2B4F = { isa = PBXFrameworksBuildPhase; buildActionMask = 2147483647; files = (); runOnlyForDeploymentPostprocessing = 0; };
1F030AB36D1A3A4389CF71AE = { isa = PBXResourcesBuildPhase; buildActionMask = 2147483647; files = (); runOnlyForDeploymentPostprocessing = 0; };
70C5F6E1637851B5B39CFA9A = { isa = XCBuildConfiguration; buildSettings = { TVOS_DEPLOYMENT_TARGET = 17.0; SDKROOT = appletvos; SWIFT_VERSION = 5.0; CLANG_ENABLE_MODULES = YES; CLANG_ENABLE_OBJC_ARC = YES; ENABLE_USER_SCRIPT_SANDBOXING = YES; TARGETED_DEVICE_FAMILY = 3; SWIFT_OPTIMIZATION_LEVEL = "-Onone"; DEBUG_INFORMATION_FORMAT = "dwarf"; SWIFT_ACTIVE_COMPILATION_CONDITIONS = "DEBUG $(inherited)"; ENABLE_TESTABILITY = YES; ONLY_ACTIVE_ARCH = YES; }; name = Debug; };
1F0A339206C503DBC23E74E7 = { isa = XCBuildConfiguration; buildSettings = { TVOS_DEPLOYMENT_TARGET = 17.0; SDKROOT = appletvos; SWIFT_VERSION = 5.0; CLANG_ENABLE_MODULES = YES; CLANG_ENABLE_OBJC_ARC = YES; ENABLE_USER_SCRIPT_SANDBOXING = YES; TARGETED_DEVICE_FAMILY = 3; SWIFT_OPTIMIZATION_LEVEL = "-O"; DEBUG_INFORMATION_FORMAT = "dwarf-with-dsym"; }; name = Release; };
CD7C985718C27B30B80E0BF9 = { isa = XCConfigurationList; buildConfigurations = (70C5F6E1637851B5B39CFA9A, 1F0A339206C503DBC23E74E7,); defaultConfigurationIsVisible = 0; defaultConfigurationName = Release; };
493AAB2AAFC28FD3C2BCE8BD = { isa = XCBuildConfiguration; buildSettings = { PRODUCT_BUNDLE_IDENTIFIER = com.khajistan.tv; PRODUCT_NAME = "$(TARGET_NAME)"; INFOPLIST_FILE = KhajistanTV/Resources/Info.plist; CODE_SIGN_STYLE = Automatic; ASSETCATALOG_COMPILER_APPICON_NAME = "App Icon & Top Shelf Image"; CURRENT_PROJECT_VERSION = 1; MARKETING_VERSION = 1.0; GENERATE_INFOPLIST_FILE = NO; SUPPORTED_PLATFORMS = "appletvos appletvsimulator"; SUPPORTS_MACCATALYST = NO; LD_RUNPATH_SEARCH_PATHS = "$(inherited) @executable_path/Frameworks"; CODE_SIGN_ENTITLEMENTS = KhajistanTV/Resources/KhajistanTV.entitlements; COPY_PHASE_STRIP = NO; SWIFT_OPTIMIZATION_LEVEL = "-Onone"; DEBUG_INFORMATION_FORMAT = "dwarf"; SWIFT_ACTIVE_COMPILATION_CONDITIONS = "DEBUG $(inherited)"; ENABLE_TESTABILITY = YES; ONLY_ACTIVE_ARCH = YES; }; name = Debug; };
1227336A4DD84B7B908A79CD = { isa = XCBuildConfiguration; buildSettings = { PRODUCT_BUNDLE_IDENTIFIER = com.khajistan.tv; PRODUCT_NAME = "$(TARGET_NAME)"; INFOPLIST_FILE = KhajistanTV/Resources/Info.plist; CODE_SIGN_STYLE = Automatic; ASSETCATALOG_COMPILER_APPICON_NAME = "App Icon & Top Shelf Image"; CURRENT_PROJECT_VERSION = 1; MARKETING_VERSION = 1.0; GENERATE_INFOPLIST_FILE = NO; SUPPORTED_PLATFORMS = "appletvos appletvsimulator"; SUPPORTS_MACCATALYST = NO; LD_RUNPATH_SEARCH_PATHS = "$(inherited) @executable_path/Frameworks"; CODE_SIGN_ENTITLEMENTS = KhajistanTV/Resources/KhajistanTV.entitlements; COPY_PHASE_STRIP = NO; SWIFT_OPTIMIZATION_LEVEL = "-O"; DEBUG_INFORMATION_FORMAT = "dwarf-with-dsym"; }; name = Release; };
20548860EEA3E0E8DE95BCA4 = { isa = XCConfigurationList; buildConfigurations = (493AAB2AAFC28FD3C2BCE8BD, 1227336A4DD84B7B908A79CD,); defaultConfigurationIsVisible = 0; defaultConfigurationName = Release; };
DC51B5BE146910F703FFD76C = { isa = XCBuildConfiguration; buildSettings = { PRODUCT_BUNDLE_IDENTIFIER = com.khajistan.tv.uitests; PRODUCT_NAME = "$(TARGET_NAME)"; GENERATE_INFOPLIST_FILE = YES; CODE_SIGN_STYLE = Automatic; TEST_TARGET_NAME = KhajistanTV; LD_RUNPATH_SEARCH_PATHS = "$(inherited) @executable_path/Frameworks @loader_path/Frameworks"; SWIFT_OPTIMIZATION_LEVEL = "-Onone"; DEBUG_INFORMATION_FORMAT = "dwarf"; SWIFT_ACTIVE_COMPILATION_CONDITIONS = "DEBUG $(inherited)"; ENABLE_TESTABILITY = YES; ONLY_ACTIVE_ARCH = YES; }; name = Debug; };
8B354329DBDAB18ECD710C87 = { isa = XCBuildConfiguration; buildSettings = { PRODUCT_BUNDLE_IDENTIFIER = com.khajistan.tv.uitests; PRODUCT_NAME = "$(TARGET_NAME)"; GENERATE_INFOPLIST_FILE = YES; CODE_SIGN_STYLE = Automatic; TEST_TARGET_NAME = KhajistanTV; LD_RUNPATH_SEARCH_PATHS = "$(inherited) @executable_path/Frameworks @loader_path/Frameworks"; SWIFT_OPTIMIZATION_LEVEL = "-O"; DEBUG_INFORMATION_FORMAT = "dwarf-with-dsym"; }; name = Release; };
FFDFDD93E361C29230B962D6 = { isa = XCConfigurationList; buildConfigurations = (DC51B5BE146910F703FFD76C, 8B354329DBDAB18ECD710C87,); defaultConfigurationIsVisible = 0; defaultConfigurationName = Release; };
ACA5843C48291C6C8B064D2E = { isa = XCBuildConfiguration; buildSettings = { PRODUCT_BUNDLE_IDENTIFIER = com.khajistan.tv.topshelf; PRODUCT_NAME = "$(TARGET_NAME)"; INFOPLIST_FILE = TopShelf/Info.plist; CODE_SIGN_STYLE = Automatic; CODE_SIGN_ENTITLEMENTS = TopShelf/TopShelf.entitlements; CURRENT_PROJECT_VERSION = 1; MARKETING_VERSION = 1.0; GENERATE_INFOPLIST_FILE = NO; SUPPORTED_PLATFORMS = "appletvos appletvsimulator"; SKIP_INSTALL = YES; APPLICATION_EXTENSION_API_ONLY = YES; LD_RUNPATH_SEARCH_PATHS = "$(inherited) @executable_path/Frameworks @executable_path/../../Frameworks"; SWIFT_OPTIMIZATION_LEVEL = "-Onone"; DEBUG_INFORMATION_FORMAT = "dwarf"; SWIFT_ACTIVE_COMPILATION_CONDITIONS = "DEBUG $(inherited)"; ENABLE_TESTABILITY = YES; ONLY_ACTIVE_ARCH = YES; }; name = Debug; };
E2F654ECC6F3652BB9831F17 = { isa = XCBuildConfiguration; buildSettings = { PRODUCT_BUNDLE_IDENTIFIER = com.khajistan.tv.topshelf; PRODUCT_NAME = "$(TARGET_NAME)"; INFOPLIST_FILE = TopShelf/Info.plist; CODE_SIGN_STYLE = Automatic; CODE_SIGN_ENTITLEMENTS = TopShelf/TopShelf.entitlements; CURRENT_PROJECT_VERSION = 1; MARKETING_VERSION = 1.0; GENERATE_INFOPLIST_FILE = NO; SUPPORTED_PLATFORMS = "appletvos appletvsimulator"; SKIP_INSTALL = YES; APPLICATION_EXTENSION_API_ONLY = YES; LD_RUNPATH_SEARCH_PATHS = "$(inherited) @executable_path/Frameworks @executable_path/../../Frameworks"; SWIFT_OPTIMIZATION_LEVEL = "-O"; DEBUG_INFORMATION_FORMAT = "dwarf-with-dsym"; }; name = Release; };
60629C9807CFA655F8222851 = { isa = XCConfigurationList; buildConfigurations = (ACA5843C48291C6C8B064D2E, E2F654ECC6F3652BB9831F17,); defaultConfigurationIsVisible = 0; defaultConfigurationName = Release; };
E049CDFB4DF95FC6F6530F26 = { isa = PBXNativeTarget; buildConfigurationList = 60629C9807CFA655F8222851; buildPhases = (7B62E5C82A81A3093AFA4306, A30D0FD57B2405AA7F7440B5, B5093E2B5B5B3417A938E158,); buildRules = (); dependencies = (); name = KhajistanTopShelf; productName = KhajistanTopShelf; productReference = 26EF753FD0A2DE1E04F52649; productType = "com.apple.product-type.app-extension"; };
51BDF30DBC0AC287490FC363 = { isa = PBXContainerItemProxy; containerPortal = 244210E48437B6556980A702; proxyType = 1; remoteGlobalIDString = E049CDFB4DF95FC6F6530F26; remoteInfo = KhajistanTopShelf; };
6F152A9FC343F093865BF0F0 = { isa = PBXTargetDependency; target = E049CDFB4DF95FC6F6530F26; targetProxy = 51BDF30DBC0AC287490FC363; };
C1E9827DB735CA9BAA54A540 = { isa = PBXNativeTarget; buildConfigurationList = 20548860EEA3E0E8DE95BCA4; buildPhases = (878A52FC5FF6A57D50B7B870, E2AA269EB967A8853A258BFA, 41D311A605520FC7B8B9A980, 8A1EED22144C3F04485A69EE,); buildRules = (); dependencies = (6F152A9FC343F093865BF0F0,); name = KhajistanTV; productName = KhajistanTV; productReference = 57E22DF2FCF18E685BEEF469; productType = "com.apple.product-type.application"; };
DAB01D73CBBCF1FEDE84E2D6 = { isa = PBXContainerItemProxy; containerPortal = 244210E48437B6556980A702; proxyType = 1; remoteGlobalIDString = C1E9827DB735CA9BAA54A540; remoteInfo = KhajistanTV; };
F9A94CEF8CF7D85CE881E703 = { isa = PBXTargetDependency; target = C1E9827DB735CA9BAA54A540; targetProxy = DAB01D73CBBCF1FEDE84E2D6; };
9805CBD60EB4F66728D5D195 = { isa = PBXNativeTarget; buildConfigurationList = FFDFDD93E361C29230B962D6; buildPhases = (DEE94446A282611C16F7781C, B10CDED79664567B030B2B4F, 1F030AB36D1A3A4389CF71AE,); buildRules = (); dependencies = (F9A94CEF8CF7D85CE881E703,); name = KhajistanTVUITests; productName = KhajistanTVUITests; productReference = 0CE4EA9B6CCAAB4D89517F24; productType = "com.apple.product-type.bundle.ui-testing"; };
244210E48437B6556980A702 = { isa = PBXProject; attributes = { BuildIndependentTargetsInParallel = YES; LastUpgradeCheck = 2600; TargetAttributes = { 9805CBD60EB4F66728D5D195 = { TestTargetID = C1E9827DB735CA9BAA54A540; }; }; }; buildConfigurationList = CD7C985718C27B30B80E0BF9; compatibilityVersion = "Xcode 14.0"; developmentRegion = en; hasScannedForEncodings = 0; knownRegions = (en, Base,); mainGroup = 0D6E4079E36703EBD37C0072; productRefGroup = 0A3E27B8CA818264D75C8D81; projectDirPath = ""; projectRoot = ""; targets = (C1E9827DB735CA9BAA54A540, E049CDFB4DF95FC6F6530F26, 9805CBD60EB4F66728D5D195,); };
};
rootObject = 244210E48437B6556980A702;
}
