// !$*UTF8*$!
{
archiveVersion = 1;
classes = {};
objectVersion = 56;
objects = {
7341FB905B3BBFD4FC38DE7B = { isa = PBXFileReference; lastKnownFileType = sourcecode.swift; path = "Khajistan/App/AppModel.swift"; sourceTree = SOURCE_ROOT; };
B01D82F61FC0A96472459644 = { isa = PBXBuildFile; fileRef = 7341FB905B3BBFD4FC38DE7B; };
D917FC8700288B2B2CD978C2 = { isa = PBXFileReference; lastKnownFileType = sourcecode.swift; path = "Khajistan/App/KhajistanApp.swift"; sourceTree = SOURCE_ROOT; };
AAE7508B20A11E4CA6D0D514 = { isa = PBXBuildFile; fileRef = D917FC8700288B2B2CD978C2; };
9684FC370BB6072DDB137C07 = { isa = PBXFileReference; lastKnownFileType = sourcecode.swift; path = "Khajistan/Core/ArchiveDestination.swift"; sourceTree = SOURCE_ROOT; };
CB541281EF47C6BA6CBB2949 = { isa = PBXBuildFile; fileRef = 9684FC370BB6072DDB137C07; };
E3C1C62782BFE5968903CB5A = { isa = PBXFileReference; lastKnownFileType = sourcecode.swift; path = "Khajistan/Core/LibraryStore.swift"; sourceTree = SOURCE_ROOT; };
3936B38C03D51D5F5810A5B2 = { isa = PBXBuildFile; fileRef = E3C1C62782BFE5968903CB5A; };
160581548112D6C1EE4BB179 = { isa = PBXFileReference; lastKnownFileType = sourcecode.swift; path = "Khajistan/Core/RadioCatalogue.swift"; sourceTree = SOURCE_ROOT; };
90AF153D413C45B05A5FA56C = { isa = PBXBuildFile; fileRef = 160581548112D6C1EE4BB179; };
84E0BC58D0C27386FC4B4806 = { isa = PBXFileReference; lastKnownFileType = sourcecode.swift; path = "Khajistan/Radio/RadioPlayer.swift"; sourceTree = SOURCE_ROOT; };
57D2287F6F02B2361CDE4112 = { isa = PBXBuildFile; fileRef = 84E0BC58D0C27386FC4B4806; };
C07884F4A561E10BE167086B = { isa = PBXFileReference; lastKnownFileType = sourcecode.swift; path = "Khajistan/Radio/RadioService.swift"; sourceTree = SOURCE_ROOT; };
4F4866F5B7030B14C4B31713 = { isa = PBXBuildFile; fileRef = C07884F4A561E10BE167086B; };
087DC63F3F5DC9A61DE85F25 = { isa = PBXFileReference; lastKnownFileType = sourcecode.swift; path = "Khajistan/Views/Brand.swift"; sourceTree = SOURCE_ROOT; };
C8E4297445FE103BEC8E0FB7 = { isa = PBXBuildFile; fileRef = 087DC63F3F5DC9A61DE85F25; };
975500F954A5302FE186A96E = { isa = PBXFileReference; lastKnownFileType = sourcecode.swift; path = "Khajistan/Views/LibraryView.swift"; sourceTree = SOURCE_ROOT; };
5E830341AB2311F367476BCD = { isa = PBXBuildFile; fileRef = 975500F954A5302FE186A96E; };
7249E4B9CA69A868BAE35E0C = { isa = PBXFileReference; lastKnownFileType = sourcecode.swift; path = "Khajistan/Views/RadioView.swift"; sourceTree = SOURCE_ROOT; };
FA8C64C2AFB9EC5DCFD2FDA9 = { isa = PBXBuildFile; fileRef = 7249E4B9CA69A868BAE35E0C; };
C98FB29F1C40CB70F4AD55BF = { isa = PBXFileReference; lastKnownFileType = sourcecode.swift; path = "Khajistan/Views/RootView.swift"; sourceTree = SOURCE_ROOT; };
C358059B36F7ADC3492FD2B0 = { isa = PBXBuildFile; fileRef = C98FB29F1C40CB70F4AD55BF; };
E198353F1D0FD4C2E853AE9B = { isa = PBXFileReference; lastKnownFileType = sourcecode.swift; path = "Khajistan/Web/ArchiveBrowser.swift"; sourceTree = SOURCE_ROOT; };
22231866F9E5114680C0DEA7 = { isa = PBXBuildFile; fileRef = E198353F1D0FD4C2E853AE9B; };
39DED7AF968FE9957588DF1C = { isa = PBXFileReference; lastKnownFileType = sourcecode.swift; path = "Khajistan/Web/BrowserView.swift"; sourceTree = SOURCE_ROOT; };
F4E4DD595ACDC8FE87652892 = { isa = PBXBuildFile; fileRef = 39DED7AF968FE9957588DF1C; };
8BF729FFE074CAEE622C0292 = { isa = PBXFileReference; lastKnownFileType = folder.assetcatalog; path = "Khajistan/Resources/Assets.xcassets"; sourceTree = SOURCE_ROOT; };
A4CC6BC01A927E2A78FD3BEC = { isa = PBXFileReference; lastKnownFileType = text.xml; path = "Khajistan/Resources/PrivacyInfo.xcprivacy"; sourceTree = SOURCE_ROOT; };
303DA53A5A4859E368A24B70 = { isa = PBXBuildFile; fileRef = 8BF729FFE074CAEE622C0292; };
B4A338AC5F8944677E79122F = { isa = PBXBuildFile; fileRef = A4CC6BC01A927E2A78FD3BEC; };
57E22DF2FCF18E685BEEF469 = { isa = PBXFileReference; explicitFileType = wrapper.application; includeInIndex = 0; path = Khajistan.app; sourceTree = BUILT_PRODUCTS_DIR; };
0CE4EA9B6CCAAB4D89517F24 = { isa = PBXFileReference; explicitFileType = wrapper.cfbundle; includeInIndex = 0; path = KhajistanUITests.xctest; sourceTree = BUILT_PRODUCTS_DIR; };
EB76B77103F36F34E5C884E0 = { isa = PBXFileReference; lastKnownFileType = sourcecode.swift; path = UITests/KhajistanUITests.swift; sourceTree = SOURCE_ROOT; };
206DD57812367F69915F4A27 = { isa = PBXBuildFile; fileRef = EB76B77103F36F34E5C884E0; };
0A3E27B8CA818264D75C8D81 = { isa = PBXGroup; children = (57E22DF2FCF18E685BEEF469, 0CE4EA9B6CCAAB4D89517F24,); name = Products; sourceTree = "<group>"; };
0D6E4079E36703EBD37C0072 = { isa = PBXGroup; children = (7341FB905B3BBFD4FC38DE7B, D917FC8700288B2B2CD978C2, 9684FC370BB6072DDB137C07, E3C1C62782BFE5968903CB5A, 160581548112D6C1EE4BB179, 84E0BC58D0C27386FC4B4806, C07884F4A561E10BE167086B, 087DC63F3F5DC9A61DE85F25, 975500F954A5302FE186A96E, 7249E4B9CA69A868BAE35E0C, C98FB29F1C40CB70F4AD55BF, E198353F1D0FD4C2E853AE9B, 39DED7AF968FE9957588DF1C, 8BF729FFE074CAEE622C0292, A4CC6BC01A927E2A78FD3BEC, EB76B77103F36F34E5C884E0, 0A3E27B8CA818264D75C8D81,); sourceTree = "<group>"; };
878A52FC5FF6A57D50B7B870 = { isa = PBXSourcesBuildPhase; buildActionMask = 2147483647; files = (B01D82F61FC0A96472459644, AAE7508B20A11E4CA6D0D514, CB541281EF47C6BA6CBB2949, 3936B38C03D51D5F5810A5B2, 90AF153D413C45B05A5FA56C, 57D2287F6F02B2361CDE4112, 4F4866F5B7030B14C4B31713, C8E4297445FE103BEC8E0FB7, 5E830341AB2311F367476BCD, FA8C64C2AFB9EC5DCFD2FDA9, C358059B36F7ADC3492FD2B0, 22231866F9E5114680C0DEA7, F4E4DD595ACDC8FE87652892,); runOnlyForDeploymentPostprocessing = 0; };
E2AA269EB967A8853A258BFA = { isa = PBXFrameworksBuildPhase; buildActionMask = 2147483647; files = (); runOnlyForDeploymentPostprocessing = 0; };
41D311A605520FC7B8B9A980 = { isa = PBXResourcesBuildPhase; buildActionMask = 2147483647; files = (303DA53A5A4859E368A24B70, B4A338AC5F8944677E79122F,); runOnlyForDeploymentPostprocessing = 0; };
DEE94446A282611C16F7781C = { isa = PBXSourcesBuildPhase; buildActionMask = 2147483647; files = (206DD57812367F69915F4A27,); runOnlyForDeploymentPostprocessing = 0; };
B10CDED79664567B030B2B4F = { isa = PBXFrameworksBuildPhase; buildActionMask = 2147483647; files = (); runOnlyForDeploymentPostprocessing = 0; };
1F030AB36D1A3A4389CF71AE = { isa = PBXResourcesBuildPhase; buildActionMask = 2147483647; files = (); runOnlyForDeploymentPostprocessing = 0; };
70C5F6E1637851B5B39CFA9A = { isa = XCBuildConfiguration; buildSettings = { IPHONEOS_DEPLOYMENT_TARGET = 17.0; SDKROOT = iphoneos; SWIFT_VERSION = 5.0; CLANG_ENABLE_MODULES = YES; CLANG_ENABLE_OBJC_ARC = YES; ENABLE_USER_SCRIPT_SANDBOXING = YES; TARGETED_DEVICE_FAMILY = "1,2"; SWIFT_OPTIMIZATION_LEVEL = "-Onone"; DEBUG_INFORMATION_FORMAT = "dwarf"; SWIFT_ACTIVE_COMPILATION_CONDITIONS = "DEBUG $(inherited)"; ENABLE_TESTABILITY = YES; }; name = Debug; };
1F0A339206C503DBC23E74E7 = { isa = XCBuildConfiguration; buildSettings = { IPHONEOS_DEPLOYMENT_TARGET = 17.0; SDKROOT = iphoneos; SWIFT_VERSION = 5.0; CLANG_ENABLE_MODULES = YES; CLANG_ENABLE_OBJC_ARC = YES; ENABLE_USER_SCRIPT_SANDBOXING = YES; TARGETED_DEVICE_FAMILY = "1,2"; SWIFT_OPTIMIZATION_LEVEL = "-O"; DEBUG_INFORMATION_FORMAT = "dwarf-with-dsym"; }; name = Release; };
CD7C985718C27B30B80E0BF9 = { isa = XCConfigurationList; buildConfigurations = (70C5F6E1637851B5B39CFA9A, 1F0A339206C503DBC23E74E7,); defaultConfigurationIsVisible = 0; defaultConfigurationName = Release; };
493AAB2AAFC28FD3C2BCE8BD = { isa = XCBuildConfiguration; buildSettings = { PRODUCT_BUNDLE_IDENTIFIER = com.khajistan.archive; PRODUCT_NAME = "$(TARGET_NAME)"; INFOPLIST_FILE = Khajistan/Resources/Info.plist; CODE_SIGN_STYLE = Automatic; ASSETCATALOG_COMPILER_APPICON_NAME = AppIcon; CURRENT_PROJECT_VERSION = 1; MARKETING_VERSION = 1.0; GENERATE_INFOPLIST_FILE = NO; SUPPORTED_PLATFORMS = "iphoneos iphonesimulator"; SUPPORTS_MACCATALYST = NO; LD_RUNPATH_SEARCH_PATHS = "$(inherited) @executable_path/Frameworks"; SWIFT_OPTIMIZATION_LEVEL = "-Onone"; DEBUG_INFORMATION_FORMAT = "dwarf"; SWIFT_ACTIVE_COMPILATION_CONDITIONS = "DEBUG $(inherited)"; ENABLE_TESTABILITY = YES; }; name = Debug; };
1227336A4DD84B7B908A79CD = { isa = XCBuildConfiguration; buildSettings = { PRODUCT_BUNDLE_IDENTIFIER = com.khajistan.archive; PRODUCT_NAME = "$(TARGET_NAME)"; INFOPLIST_FILE = Khajistan/Resources/Info.plist; CODE_SIGN_STYLE = Automatic; ASSETCATALOG_COMPILER_APPICON_NAME = AppIcon; CURRENT_PROJECT_VERSION = 1; MARKETING_VERSION = 1.0; GENERATE_INFOPLIST_FILE = NO; SUPPORTED_PLATFORMS = "iphoneos iphonesimulator"; SUPPORTS_MACCATALYST = NO; LD_RUNPATH_SEARCH_PATHS = "$(inherited) @executable_path/Frameworks"; SWIFT_OPTIMIZATION_LEVEL = "-O"; DEBUG_INFORMATION_FORMAT = "dwarf-with-dsym"; }; name = Release; };
20548860EEA3E0E8DE95BCA4 = { isa = XCConfigurationList; buildConfigurations = (493AAB2AAFC28FD3C2BCE8BD, 1227336A4DD84B7B908A79CD,); defaultConfigurationIsVisible = 0; defaultConfigurationName = Release; };
DC51B5BE146910F703FFD76C = { isa = XCBuildConfiguration; buildSettings = { PRODUCT_BUNDLE_IDENTIFIER = com.khajistan.archive.uitests; PRODUCT_NAME = "$(TARGET_NAME)"; GENERATE_INFOPLIST_FILE = YES; CODE_SIGN_STYLE = Automatic; TEST_TARGET_NAME = Khajistan; LD_RUNPATH_SEARCH_PATHS = "$(inherited) @executable_path/Frameworks @loader_path/Frameworks"; SWIFT_OPTIMIZATION_LEVEL = "-Onone"; DEBUG_INFORMATION_FORMAT = "dwarf"; SWIFT_ACTIVE_COMPILATION_CONDITIONS = "DEBUG $(inherited)"; ENABLE_TESTABILITY = YES; }; name = Debug; };
8B354329DBDAB18ECD710C87 = { isa = XCBuildConfiguration; buildSettings = { PRODUCT_BUNDLE_IDENTIFIER = com.khajistan.archive.uitests; PRODUCT_NAME = "$(TARGET_NAME)"; GENERATE_INFOPLIST_FILE = YES; CODE_SIGN_STYLE = Automatic; TEST_TARGET_NAME = Khajistan; LD_RUNPATH_SEARCH_PATHS = "$(inherited) @executable_path/Frameworks @loader_path/Frameworks"; SWIFT_OPTIMIZATION_LEVEL = "-O"; DEBUG_INFORMATION_FORMAT = "dwarf-with-dsym"; }; name = Release; };
FFDFDD93E361C29230B962D6 = { isa = XCConfigurationList; buildConfigurations = (DC51B5BE146910F703FFD76C, 8B354329DBDAB18ECD710C87,); defaultConfigurationIsVisible = 0; defaultConfigurationName = Release; };
C1E9827DB735CA9BAA54A540 = { isa = PBXNativeTarget; buildConfigurationList = 20548860EEA3E0E8DE95BCA4; buildPhases = (878A52FC5FF6A57D50B7B870, E2AA269EB967A8853A258BFA, 41D311A605520FC7B8B9A980,); buildRules = (); dependencies = (); name = Khajistan; productName = Khajistan; productReference = 57E22DF2FCF18E685BEEF469; productType = "com.apple.product-type.application"; };
DAB01D73CBBCF1FEDE84E2D6 = { isa = PBXContainerItemProxy; containerPortal = 244210E48437B6556980A702; proxyType = 1; remoteGlobalIDString = C1E9827DB735CA9BAA54A540; remoteInfo = Khajistan; };
F9A94CEF8CF7D85CE881E703 = { isa = PBXTargetDependency; target = C1E9827DB735CA9BAA54A540; targetProxy = DAB01D73CBBCF1FEDE84E2D6; };
9805CBD60EB4F66728D5D195 = { isa = PBXNativeTarget; buildConfigurationList = FFDFDD93E361C29230B962D6; buildPhases = (DEE94446A282611C16F7781C, B10CDED79664567B030B2B4F, 1F030AB36D1A3A4389CF71AE,); buildRules = (); dependencies = (F9A94CEF8CF7D85CE881E703,); name = KhajistanUITests; productName = KhajistanUITests; productReference = 0CE4EA9B6CCAAB4D89517F24; productType = "com.apple.product-type.bundle.ui-testing"; };
244210E48437B6556980A702 = { isa = PBXProject; attributes = { BuildIndependentTargetsInParallel = YES; LastUpgradeCheck = 1600; }; buildConfigurationList = CD7C985718C27B30B80E0BF9; compatibilityVersion = "Xcode 14.0"; developmentRegion = en; hasScannedForEncodings = 0; knownRegions = (en, Base,); mainGroup = 0D6E4079E36703EBD37C0072; productRefGroup = 0A3E27B8CA818264D75C8D81; projectDirPath = ""; projectRoot = ""; targets = (C1E9827DB735CA9BAA54A540, 9805CBD60EB4F66728D5D195,); };
};
rootObject = 244210E48437B6556980A702;
}
