// !$*UTF8*$!
{
archiveVersion = 1;
classes = {};
objectVersion = 56;
objects = {
7341FB905B3BBFD4FC38DE7B = { isa = PBXFileReference; lastKnownFileType = sourcecode.swift; path = "Khajistan/App/AppModel.swift"; sourceTree = SOURCE_ROOT; };
B01D82F61FC0A96472459644 = { isa = PBXBuildFile; fileRef = 7341FB905B3BBFD4FC38DE7B; };
D917FC8700288B2B2CD978C2 = { isa = PBXFileReference; lastKnownFileType = sourcecode.swift; path = "Khajistan/App/KhajistanApp.swift"; sourceTree = SOURCE_ROOT; };
AAE7508B20A11E4CA6D0D514 = { isa = PBXBuildFile; fileRef = D917FC8700288B2B2CD978C2; };
CB37D865F943A156692628D2 = { isa = PBXFileReference; lastKnownFileType = sourcecode.swift; path = "Khajistan/App/StoreBuild.swift"; sourceTree = SOURCE_ROOT; };
B0280CD1B88A2D3FCFD90C55 = { isa = PBXBuildFile; fileRef = CB37D865F943A156692628D2; };
9684FC370BB6072DDB137C07 = { isa = PBXFileReference; lastKnownFileType = sourcecode.swift; path = "Khajistan/Core/ArchiveDestination.swift"; sourceTree = SOURCE_ROOT; };
CB541281EF47C6BA6CBB2949 = { isa = PBXBuildFile; fileRef = 9684FC370BB6072DDB137C07; };
06DF310D5C9DF2A2053577A5 = { isa = PBXFileReference; lastKnownFileType = sourcecode.swift; path = "Khajistan/Core/Auth.swift"; sourceTree = SOURCE_ROOT; };
3D7BF91BC6468B8E23AD11DF = { isa = PBXBuildFile; fileRef = 06DF310D5C9DF2A2053577A5; };
37C49AF48334EDF894C90112 = { isa = PBXFileReference; lastKnownFileType = sourcecode.swift; path = "Khajistan/Core/Chat.swift"; sourceTree = SOURCE_ROOT; };
6D53754D988859701363C5DB = { isa = PBXBuildFile; fileRef = 37C49AF48334EDF894C90112; };
51547073D858948FDC8392D1 = { isa = PBXFileReference; lastKnownFileType = sourcecode.swift; path = "Khajistan/Core/Config.swift"; sourceTree = SOURCE_ROOT; };
176D6B304A7169D9069DF90B = { isa = PBXBuildFile; fileRef = 51547073D858948FDC8392D1; };
E3C1C62782BFE5968903CB5A = { isa = PBXFileReference; lastKnownFileType = sourcecode.swift; path = "Khajistan/Core/LibraryStore.swift"; sourceTree = SOURCE_ROOT; };
3936B38C03D51D5F5810A5B2 = { isa = PBXBuildFile; fileRef = E3C1C62782BFE5968903CB5A; };
EC470952CD09428E3E9121FA = { isa = PBXFileReference; lastKnownFileType = sourcecode.swift; path = "Khajistan/Core/Mixes.swift"; sourceTree = SOURCE_ROOT; };
20AD73FE2C118189B0FC73C9 = { isa = PBXBuildFile; fileRef = EC470952CD09428E3E9121FA; };
201D5CDA791F022C28C9C2FA = { isa = PBXFileReference; lastKnownFileType = sourcecode.swift; path = "Khajistan/Core/PicsVids.swift"; sourceTree = SOURCE_ROOT; };
31B3462A795336D0B36AD862 = { isa = PBXBuildFile; fileRef = 201D5CDA791F022C28C9C2FA; };
34C0A97936409632A009292E = { isa = PBXFileReference; lastKnownFileType = sourcecode.swift; path = "Khajistan/Core/Programming.swift"; sourceTree = SOURCE_ROOT; };
B232DA549D24E56CABA2E2A7 = { isa = PBXBuildFile; fileRef = 34C0A97936409632A009292E; };
8F493C714298434EC6A2F2BD = { isa = PBXFileReference; lastKnownFileType = sourcecode.swift; path = "Khajistan/Core/Receiver.swift"; sourceTree = SOURCE_ROOT; };
EFDE36BE3988D9D762535C32 = { isa = PBXBuildFile; fileRef = 8F493C714298434EC6A2F2BD; };
E7EAA59ED9D517ADB5185D3C = { isa = PBXFileReference; lastKnownFileType = sourcecode.swift; path = "Khajistan/Core/RegionMap.swift"; sourceTree = SOURCE_ROOT; };
F6A2BB8AA988447353FF6512 = { isa = PBXBuildFile; fileRef = E7EAA59ED9D517ADB5185D3C; };
D60D3AC1624FD7D28538320D = { isa = PBXFileReference; lastKnownFileType = sourcecode.swift; path = "Khajistan/Core/Sky.swift"; sourceTree = SOURCE_ROOT; };
37B7D8D9D14CA0C2F2C7F935 = { isa = PBXBuildFile; fileRef = D60D3AC1624FD7D28538320D; };
20A84E260B046A232237D03C = { isa = PBXFileReference; lastKnownFileType = sourcecode.swift; path = "Khajistan/Core/StationClock.swift"; sourceTree = SOURCE_ROOT; };
F228E20AA7159C01A78EC96D = { isa = PBXBuildFile; fileRef = 20A84E260B046A232237D03C; };
9AED3498E11CE7B4AF694FDC = { isa = PBXFileReference; lastKnownFileType = sourcecode.swift; path = "Khajistan/Core/Transmission.swift"; sourceTree = SOURCE_ROOT; };
9FB9385694123AFD1FC28B25 = { isa = PBXBuildFile; fileRef = 9AED3498E11CE7B4AF694FDC; };
3A3287AF69827DAFFECF316D = { isa = PBXFileReference; lastKnownFileType = sourcecode.swift; path = "Khajistan/Player/PlayerController.swift"; sourceTree = SOURCE_ROOT; };
6ED992FC2AD4EFD7617E8C73 = { isa = PBXBuildFile; fileRef = 3A3287AF69827DAFFECF316D; };
C7FD6A859F05CCB0E5F92542 = { isa = PBXFileReference; lastKnownFileType = sourcecode.swift; path = "Khajistan/Player/PlayerLayerView.swift"; sourceTree = SOURCE_ROOT; };
64AF442851DA52B5634F5D8B = { isa = PBXBuildFile; fileRef = C7FD6A859F05CCB0E5F92542; };
63DD6AC0F57FC5894DBDBFDD = { isa = PBXFileReference; lastKnownFileType = sourcecode.swift; path = "Khajistan/Player/StationClips.swift"; sourceTree = SOURCE_ROOT; };
7A0A85D8B317D26071E01805 = { isa = PBXBuildFile; fileRef = 63DD6AC0F57FC5894DBDBFDD; };
5E657B348D27BA871F414F44 = { isa = PBXFileReference; lastKnownFileType = sourcecode.swift; path = "Khajistan/Services/AuthStore.swift"; sourceTree = SOURCE_ROOT; };
835AE3017439B90F228972BA = { isa = PBXBuildFile; fileRef = 5E657B348D27BA871F414F44; };
182F580D5766D5556F7B9B1F = { isa = PBXFileReference; lastKnownFileType = sourcecode.swift; path = "Khajistan/Services/ChatStore.swift"; sourceTree = SOURCE_ROOT; };
5D27FD7E3522AD3F92FF0C4C = { isa = PBXBuildFile; fileRef = 182F580D5766D5556F7B9B1F; };
6DB2F4A84CB1370006B090E6 = { isa = PBXFileReference; lastKnownFileType = sourcecode.swift; path = "Khajistan/Services/Keychain.swift"; sourceTree = SOURCE_ROOT; };
3C1B269E88568DCA8DFF3B08 = { isa = PBXBuildFile; fileRef = 6DB2F4A84CB1370006B090E6; };
0CA00814E43C0BCAEC96DE3B = { isa = PBXFileReference; lastKnownFileType = sourcecode.swift; path = "Khajistan/Services/PicsVidsStore.swift"; sourceTree = SOURCE_ROOT; };
81E96F092685F5603D42F8CE = { isa = PBXBuildFile; fileRef = 0CA00814E43C0BCAEC96DE3B; };
9BCC9BD469D30D71866FDF0A = { isa = PBXFileReference; lastKnownFileType = sourcecode.swift; path = "Khajistan/Services/PnvImages.swift"; sourceTree = SOURCE_ROOT; };
178F265EDF4C4457AE2D1ED3 = { isa = PBXBuildFile; fileRef = 9BCC9BD469D30D71866FDF0A; };
552FB84EFD40C1FB7A037130 = { isa = PBXFileReference; lastKnownFileType = sourcecode.swift; path = "Khajistan/Services/ReceiverStore.swift"; sourceTree = SOURCE_ROOT; };
6C89E5D115AB66CEC6D8455C = { isa = PBXBuildFile; fileRef = 552FB84EFD40C1FB7A037130; };
2EDA1FEA37BF08DCAC3F1607 = { isa = PBXFileReference; lastKnownFileType = sourcecode.swift; path = "Khajistan/Services/TransmissionStore.swift"; sourceTree = SOURCE_ROOT; };
0EDDA0E99FF5434AB59177E2 = { isa = PBXBuildFile; fileRef = 2EDA1FEA37BF08DCAC3F1607; };
0F1DA73300CA1633663BA46B = { isa = PBXFileReference; lastKnownFileType = sourcecode.swift; path = "Khajistan/Views/ChatMedia.swift"; sourceTree = SOURCE_ROOT; };
183ECAAC8BF0FEAF3B221FF3 = { isa = PBXBuildFile; fileRef = 0F1DA73300CA1633663BA46B; };
11BCD2FD7B44A54B58451AF9 = { isa = PBXFileReference; lastKnownFileType = sourcecode.swift; path = "Khajistan/Views/ChatViews.swift"; sourceTree = SOURCE_ROOT; };
386F5C6B877D1E6A8F3ABB67 = { isa = PBXBuildFile; fileRef = 11BCD2FD7B44A54B58451AF9; };
AC350ED33F9FF292262A00E6 = { isa = PBXFileReference; lastKnownFileType = sourcecode.swift; path = "Khajistan/Views/HomeView.swift"; sourceTree = SOURCE_ROOT; };
7F04B3257136A494D012CB2D = { isa = PBXBuildFile; fileRef = AC350ED33F9FF292262A00E6; };
5F28B963B00E7083050579CD = { isa = PBXFileReference; lastKnownFileType = sourcecode.swift; path = "Khajistan/Views/PicsVidsView.swift"; sourceTree = SOURCE_ROOT; };
C477DA921F3C69434978DAE5 = { isa = PBXBuildFile; fileRef = 5F28B963B00E7083050579CD; };
08B981E1BDB777F9BC12E90B = { isa = PBXFileReference; lastKnownFileType = sourcecode.swift; path = "Khajistan/Views/PigeonMark.swift"; sourceTree = SOURCE_ROOT; };
CBAAFFC632DBA3CFD99A8F8A = { isa = PBXBuildFile; fileRef = 08B981E1BDB777F9BC12E90B; };
6305A060EB9FCD86A65028FF = { isa = PBXFileReference; lastKnownFileType = sourcecode.swift; path = "Khajistan/Views/PlayerChrome.swift"; sourceTree = SOURCE_ROOT; };
2F48B3654D8348F568B98090 = { isa = PBXBuildFile; fileRef = 6305A060EB9FCD86A65028FF; };
D40BFBBCE15A752EA7A644B2 = { isa = PBXFileReference; lastKnownFileType = sourcecode.swift; path = "Khajistan/Views/PnvViewerView.swift"; sourceTree = SOURCE_ROOT; };
D6B9FA095B7436C5E54C3797 = { isa = PBXBuildFile; fileRef = D40BFBBCE15A752EA7A644B2; };
8CA65C14C55AEB2FB41E7EF9 = { isa = PBXFileReference; lastKnownFileType = sourcecode.swift; path = "Khajistan/Views/ReceiverPlayerView.swift"; sourceTree = SOURCE_ROOT; };
CC0E97D8E1E4F50EADEED4F4 = { isa = PBXBuildFile; fileRef = 8CA65C14C55AEB2FB41E7EF9; };
83A4698A27A19C4BF9CDD74B = { isa = PBXFileReference; lastKnownFileType = sourcecode.swift; path = "Khajistan/Views/ReceiverView.swift"; sourceTree = SOURCE_ROOT; };
C3A6D1840B768AAE8F86BDA6 = { isa = PBXBuildFile; fileRef = 83A4698A27A19C4BF9CDD74B; };
0B7E5C13EF9112658ECEC4D8 = { isa = PBXFileReference; lastKnownFileType = sourcecode.swift; path = "Khajistan/Views/RegionMapView.swift"; sourceTree = SOURCE_ROOT; };
C54348F388D8F564033A2324 = { isa = PBXBuildFile; fileRef = 0B7E5C13EF9112658ECEC4D8; };
C98FB29F1C40CB70F4AD55BF = { isa = PBXFileReference; lastKnownFileType = sourcecode.swift; path = "Khajistan/Views/RootView.swift"; sourceTree = SOURCE_ROOT; };
C358059B36F7ADC3492FD2B0 = { isa = PBXBuildFile; fileRef = C98FB29F1C40CB70F4AD55BF; };
96F05E1A3E8A68EB18D66259 = { isa = PBXFileReference; lastKnownFileType = sourcecode.swift; path = "Khajistan/Views/Theme.swift"; sourceTree = SOURCE_ROOT; };
47B9306E6534D8ED5E0BF828 = { isa = PBXBuildFile; fileRef = 96F05E1A3E8A68EB18D66259; };
583D967D45B5DA99B3A651D3 = { isa = PBXFileReference; lastKnownFileType = sourcecode.swift; path = "Khajistan/Views/TransmissionViews.swift"; sourceTree = SOURCE_ROOT; };
B0D1E851AAD885F716019AB3 = { isa = PBXBuildFile; fileRef = 583D967D45B5DA99B3A651D3; };
CDC0EDD5C6C6809DF3D64897 = { isa = PBXFileReference; lastKnownFileType = sourcecode.swift; path = "Khajistan/Views/YoursView.swift"; sourceTree = SOURCE_ROOT; };
1531AABD74606DF584BD5E5A = { isa = PBXBuildFile; fileRef = CDC0EDD5C6C6809DF3D64897; };
E198353F1D0FD4C2E853AE9B = { isa = PBXFileReference; lastKnownFileType = sourcecode.swift; path = "Khajistan/Web/ArchiveBrowser.swift"; sourceTree = SOURCE_ROOT; };
22231866F9E5114680C0DEA7 = { isa = PBXBuildFile; fileRef = E198353F1D0FD4C2E853AE9B; };
39DED7AF968FE9957588DF1C = { isa = PBXFileReference; lastKnownFileType = sourcecode.swift; path = "Khajistan/Web/BrowserView.swift"; sourceTree = SOURCE_ROOT; };
F4E4DD595ACDC8FE87652892 = { isa = PBXBuildFile; fileRef = 39DED7AF968FE9957588DF1C; };
8BF729FFE074CAEE622C0292 = { isa = PBXFileReference; lastKnownFileType = folder.assetcatalog; path = "Khajistan/Resources/Assets.xcassets"; sourceTree = SOURCE_ROOT; };
A4CC6BC01A927E2A78FD3BEC = { isa = PBXFileReference; lastKnownFileType = text.xml; path = "Khajistan/Resources/PrivacyInfo.xcprivacy"; sourceTree = SOURCE_ROOT; };
C8BB3A32C0A5E500F493614C = { isa = PBXFileReference; lastKnownFileType = image.gif; path = "Khajistan/Resources/Media/pigeon.gif"; sourceTree = SOURCE_ROOT; };
C10BC1D416FC0F7430FDC2D2 = { isa = PBXFileReference; lastKnownFileType = file; path = "Khajistan/Resources/Media/wipe-in.mov"; sourceTree = SOURCE_ROOT; };
D4F91A2F634852977493E105 = { isa = PBXFileReference; lastKnownFileType = file; path = "Khajistan/Resources/Media/wipe-out.mov"; sourceTree = SOURCE_ROOT; };
303DA53A5A4859E368A24B70 = { isa = PBXBuildFile; fileRef = 8BF729FFE074CAEE622C0292; };
B4A338AC5F8944677E79122F = { isa = PBXBuildFile; fileRef = A4CC6BC01A927E2A78FD3BEC; };
4078CC53559022504FA6C780 = { isa = PBXBuildFile; fileRef = C8BB3A32C0A5E500F493614C; };
07AF2F341678EB3D717AE8E5 = { isa = PBXBuildFile; fileRef = C10BC1D416FC0F7430FDC2D2; };
56BFDC1460AD6D30A438E9DC = { isa = PBXBuildFile; fileRef = D4F91A2F634852977493E105; };
57E22DF2FCF18E685BEEF469 = { isa = PBXFileReference; explicitFileType = wrapper.application; includeInIndex = 0; path = Khajistan.app; sourceTree = BUILT_PRODUCTS_DIR; };
0CE4EA9B6CCAAB4D89517F24 = { isa = PBXFileReference; explicitFileType = wrapper.cfbundle; includeInIndex = 0; path = KhajistanUITests.xctest; sourceTree = BUILT_PRODUCTS_DIR; };
513EB8249DAC8209FA893943 = { isa = PBXFileReference; lastKnownFileType = sourcecode.swift; path = "UITests/KhajistanUITests.swift"; sourceTree = SOURCE_ROOT; };
9A7E5FCD9A4CC68CE87EF26B = { isa = PBXBuildFile; fileRef = 513EB8249DAC8209FA893943; };
0A3E27B8CA818264D75C8D81 = { isa = PBXGroup; children = (57E22DF2FCF18E685BEEF469, 0CE4EA9B6CCAAB4D89517F24,); name = Products; sourceTree = "<group>"; };
0D6E4079E36703EBD37C0072 = { isa = PBXGroup; children = (7341FB905B3BBFD4FC38DE7B, D917FC8700288B2B2CD978C2, CB37D865F943A156692628D2, 9684FC370BB6072DDB137C07, 06DF310D5C9DF2A2053577A5, 37C49AF48334EDF894C90112, 51547073D858948FDC8392D1, E3C1C62782BFE5968903CB5A, EC470952CD09428E3E9121FA, 201D5CDA791F022C28C9C2FA, 34C0A97936409632A009292E, 8F493C714298434EC6A2F2BD, E7EAA59ED9D517ADB5185D3C, D60D3AC1624FD7D28538320D, 20A84E260B046A232237D03C, 9AED3498E11CE7B4AF694FDC, 3A3287AF69827DAFFECF316D, C7FD6A859F05CCB0E5F92542, 63DD6AC0F57FC5894DBDBFDD, 5E657B348D27BA871F414F44, 182F580D5766D5556F7B9B1F, 6DB2F4A84CB1370006B090E6, 0CA00814E43C0BCAEC96DE3B, 9BCC9BD469D30D71866FDF0A, 552FB84EFD40C1FB7A037130, 2EDA1FEA37BF08DCAC3F1607, 0F1DA73300CA1633663BA46B, 11BCD2FD7B44A54B58451AF9, AC350ED33F9FF292262A00E6, 5F28B963B00E7083050579CD, 08B981E1BDB777F9BC12E90B, 6305A060EB9FCD86A65028FF, D40BFBBCE15A752EA7A644B2, 8CA65C14C55AEB2FB41E7EF9, 83A4698A27A19C4BF9CDD74B, 0B7E5C13EF9112658ECEC4D8, C98FB29F1C40CB70F4AD55BF, 96F05E1A3E8A68EB18D66259, 583D967D45B5DA99B3A651D3, CDC0EDD5C6C6809DF3D64897, E198353F1D0FD4C2E853AE9B, 39DED7AF968FE9957588DF1C, 8BF729FFE074CAEE622C0292, A4CC6BC01A927E2A78FD3BEC, C8BB3A32C0A5E500F493614C, C10BC1D416FC0F7430FDC2D2, D4F91A2F634852977493E105, 513EB8249DAC8209FA893943, 0A3E27B8CA818264D75C8D81,); sourceTree = "<group>"; };
878A52FC5FF6A57D50B7B870 = { isa = PBXSourcesBuildPhase; buildActionMask = 2147483647; files = (B01D82F61FC0A96472459644, AAE7508B20A11E4CA6D0D514, B0280CD1B88A2D3FCFD90C55, CB541281EF47C6BA6CBB2949, 3D7BF91BC6468B8E23AD11DF, 6D53754D988859701363C5DB, 176D6B304A7169D9069DF90B, 3936B38C03D51D5F5810A5B2, 20AD73FE2C118189B0FC73C9, 31B3462A795336D0B36AD862, B232DA549D24E56CABA2E2A7, EFDE36BE3988D9D762535C32, F6A2BB8AA988447353FF6512, 37B7D8D9D14CA0C2F2C7F935, F228E20AA7159C01A78EC96D, 9FB9385694123AFD1FC28B25, 6ED992FC2AD4EFD7617E8C73, 64AF442851DA52B5634F5D8B, 7A0A85D8B317D26071E01805, 835AE3017439B90F228972BA, 5D27FD7E3522AD3F92FF0C4C, 3C1B269E88568DCA8DFF3B08, 81E96F092685F5603D42F8CE, 178F265EDF4C4457AE2D1ED3, 6C89E5D115AB66CEC6D8455C, 0EDDA0E99FF5434AB59177E2, 183ECAAC8BF0FEAF3B221FF3, 386F5C6B877D1E6A8F3ABB67, 7F04B3257136A494D012CB2D, C477DA921F3C69434978DAE5, CBAAFFC632DBA3CFD99A8F8A, 2F48B3654D8348F568B98090, D6B9FA095B7436C5E54C3797, CC0E97D8E1E4F50EADEED4F4, C3A6D1840B768AAE8F86BDA6, C54348F388D8F564033A2324, C358059B36F7ADC3492FD2B0, 47B9306E6534D8ED5E0BF828, B0D1E851AAD885F716019AB3, 1531AABD74606DF584BD5E5A, 22231866F9E5114680C0DEA7, F4E4DD595ACDC8FE87652892,); runOnlyForDeploymentPostprocessing = 0; };
E2AA269EB967A8853A258BFA = { isa = PBXFrameworksBuildPhase; buildActionMask = 2147483647; files = (); runOnlyForDeploymentPostprocessing = 0; };
41D311A605520FC7B8B9A980 = { isa = PBXResourcesBuildPhase; buildActionMask = 2147483647; files = (303DA53A5A4859E368A24B70, B4A338AC5F8944677E79122F, 4078CC53559022504FA6C780, 07AF2F341678EB3D717AE8E5, 56BFDC1460AD6D30A438E9DC,); runOnlyForDeploymentPostprocessing = 0; };
DEE94446A282611C16F7781C = { isa = PBXSourcesBuildPhase; buildActionMask = 2147483647; files = (9A7E5FCD9A4CC68CE87EF26B,); runOnlyForDeploymentPostprocessing = 0; };
B10CDED79664567B030B2B4F = { isa = PBXFrameworksBuildPhase; buildActionMask = 2147483647; files = (); runOnlyForDeploymentPostprocessing = 0; };
1F030AB36D1A3A4389CF71AE = { isa = PBXResourcesBuildPhase; buildActionMask = 2147483647; files = (); runOnlyForDeploymentPostprocessing = 0; };
70C5F6E1637851B5B39CFA9A = { isa = XCBuildConfiguration; buildSettings = { IPHONEOS_DEPLOYMENT_TARGET = 17.0; SDKROOT = iphoneos; SWIFT_VERSION = 5.0; CLANG_ENABLE_MODULES = YES; CLANG_ENABLE_OBJC_ARC = YES; ENABLE_USER_SCRIPT_SANDBOXING = YES; TARGETED_DEVICE_FAMILY = "1,2"; SWIFT_OPTIMIZATION_LEVEL = "-Onone"; DEBUG_INFORMATION_FORMAT = "dwarf"; SWIFT_ACTIVE_COMPILATION_CONDITIONS = "DEBUG $(inherited)"; ENABLE_TESTABILITY = YES; }; name = Debug; };
1F0A339206C503DBC23E74E7 = { isa = XCBuildConfiguration; buildSettings = { IPHONEOS_DEPLOYMENT_TARGET = 17.0; SDKROOT = iphoneos; SWIFT_VERSION = 5.0; CLANG_ENABLE_MODULES = YES; CLANG_ENABLE_OBJC_ARC = YES; ENABLE_USER_SCRIPT_SANDBOXING = YES; TARGETED_DEVICE_FAMILY = "1,2"; SWIFT_OPTIMIZATION_LEVEL = "-O"; DEBUG_INFORMATION_FORMAT = "dwarf-with-dsym"; }; name = Release; };
CD7C985718C27B30B80E0BF9 = { isa = XCConfigurationList; buildConfigurations = (70C5F6E1637851B5B39CFA9A, 1F0A339206C503DBC23E74E7,); defaultConfigurationIsVisible = 0; defaultConfigurationName = Release; };
493AAB2AAFC28FD3C2BCE8BD = { isa = XCBuildConfiguration; buildSettings = { PRODUCT_BUNDLE_IDENTIFIER = com.khajistan.archive; PRODUCT_NAME = "$(TARGET_NAME)"; INFOPLIST_FILE = Khajistan/Resources/Info.plist; CODE_SIGN_STYLE = Automatic; ASSETCATALOG_COMPILER_APPICON_NAME = AppIcon; CURRENT_PROJECT_VERSION = 1; MARKETING_VERSION = 1.0; GENERATE_INFOPLIST_FILE = NO; SUPPORTED_PLATFORMS = "iphoneos iphonesimulator"; SUPPORTS_MACCATALYST = NO; LD_RUNPATH_SEARCH_PATHS = "$(inherited) @executable_path/Frameworks"; SWIFT_OPTIMIZATION_LEVEL = "-Onone"; DEBUG_INFORMATION_FORMAT = "dwarf"; SWIFT_ACTIVE_COMPILATION_CONDITIONS = "DEBUG $(inherited)"; ENABLE_TESTABILITY = YES; }; name = Debug; };
1227336A4DD84B7B908A79CD = { isa = XCBuildConfiguration; buildSettings = { PRODUCT_BUNDLE_IDENTIFIER = com.khajistan.archive; PRODUCT_NAME = "$(TARGET_NAME)"; INFOPLIST_FILE = Khajistan/Resources/Info.plist; CODE_SIGN_STYLE = Automatic; ASSETCATALOG_COMPILER_APPICON_NAME = AppIcon; CURRENT_PROJECT_VERSION = 1; MARKETING_VERSION = 1.0; GENERATE_INFOPLIST_FILE = NO; SUPPORTED_PLATFORMS = "iphoneos iphonesimulator"; SUPPORTS_MACCATALYST = NO; LD_RUNPATH_SEARCH_PATHS = "$(inherited) @executable_path/Frameworks"; SWIFT_OPTIMIZATION_LEVEL = "-O"; DEBUG_INFORMATION_FORMAT = "dwarf-with-dsym"; }; name = Release; };
20548860EEA3E0E8DE95BCA4 = { isa = XCConfigurationList; buildConfigurations = (493AAB2AAFC28FD3C2BCE8BD, 1227336A4DD84B7B908A79CD,); defaultConfigurationIsVisible = 0; defaultConfigurationName = Release; };
DC51B5BE146910F703FFD76C = { isa = XCBuildConfiguration; buildSettings = { PRODUCT_BUNDLE_IDENTIFIER = com.khajistan.archive.uitests; PRODUCT_NAME = "$(TARGET_NAME)"; GENERATE_INFOPLIST_FILE = YES; CODE_SIGN_STYLE = Automatic; TEST_TARGET_NAME = Khajistan; LD_RUNPATH_SEARCH_PATHS = "$(inherited) @executable_path/Frameworks @loader_path/Frameworks"; SWIFT_OPTIMIZATION_LEVEL = "-Onone"; DEBUG_INFORMATION_FORMAT = "dwarf"; SWIFT_ACTIVE_COMPILATION_CONDITIONS = "DEBUG $(inherited)"; ENABLE_TESTABILITY = YES; }; name = Debug; };
8B354329DBDAB18ECD710C87 = { isa = XCBuildConfiguration; buildSettings = { PRODUCT_BUNDLE_IDENTIFIER = com.khajistan.archive.uitests; PRODUCT_NAME = "$(TARGET_NAME)"; GENERATE_INFOPLIST_FILE = YES; CODE_SIGN_STYLE = Automatic; TEST_TARGET_NAME = Khajistan; LD_RUNPATH_SEARCH_PATHS = "$(inherited) @executable_path/Frameworks @loader_path/Frameworks"; SWIFT_OPTIMIZATION_LEVEL = "-O"; DEBUG_INFORMATION_FORMAT = "dwarf-with-dsym"; }; name = Release; };
FFDFDD93E361C29230B962D6 = { isa = XCConfigurationList; buildConfigurations = (DC51B5BE146910F703FFD76C, 8B354329DBDAB18ECD710C87,); defaultConfigurationIsVisible = 0; defaultConfigurationName = Release; };
C1E9827DB735CA9BAA54A540 = { isa = PBXNativeTarget; buildConfigurationList = 20548860EEA3E0E8DE95BCA4; buildPhases = (878A52FC5FF6A57D50B7B870, E2AA269EB967A8853A258BFA, 41D311A605520FC7B8B9A980,); buildRules = (); dependencies = (); name = Khajistan; productName = Khajistan; productReference = 57E22DF2FCF18E685BEEF469; productType = "com.apple.product-type.application"; };
DAB01D73CBBCF1FEDE84E2D6 = { isa = PBXContainerItemProxy; containerPortal = 244210E48437B6556980A702; proxyType = 1; remoteGlobalIDString = C1E9827DB735CA9BAA54A540; remoteInfo = Khajistan; };
F9A94CEF8CF7D85CE881E703 = { isa = PBXTargetDependency; target = C1E9827DB735CA9BAA54A540; targetProxy = DAB01D73CBBCF1FEDE84E2D6; };
9805CBD60EB4F66728D5D195 = { isa = PBXNativeTarget; buildConfigurationList = FFDFDD93E361C29230B962D6; buildPhases = (DEE94446A282611C16F7781C, B10CDED79664567B030B2B4F, 1F030AB36D1A3A4389CF71AE,); buildRules = (); dependencies = (F9A94CEF8CF7D85CE881E703,); name = KhajistanUITests; productName = KhajistanUITests; productReference = 0CE4EA9B6CCAAB4D89517F24; productType = "com.apple.product-type.bundle.ui-testing"; };
244210E48437B6556980A702 = { isa = PBXProject; attributes = { BuildIndependentTargetsInParallel = YES; LastUpgradeCheck = 1600; }; buildConfigurationList = CD7C985718C27B30B80E0BF9; compatibilityVersion = "Xcode 14.0"; developmentRegion = en; hasScannedForEncodings = 0; knownRegions = (en, Base,); mainGroup = 0D6E4079E36703EBD37C0072; productRefGroup = 0A3E27B8CA818264D75C8D81; projectDirPath = ""; projectRoot = ""; targets = (C1E9827DB735CA9BAA54A540, 9805CBD60EB4F66728D5D195,); };
};
rootObject = 244210E48437B6556980A702;
}
